// !$*UTF8*$!
{
	archiveVersion = 1;
	classes = {
	};
	objectVersion = 77;
	objects = {

/* Begin PBXBuildFile section */
		566F2494D2BE340CA56FA50A /* Pods_edgellmtestTests.framework in Frameworks */ = {isa = PBXBuildFile; fileRef = D9058D6677578EA3CC64646B /* Pods_edgellmtestTests.framework */; };
		7CD300412DE5062000B81C16 /* ZIPFoundation in Frameworks */ = {isa = PBXBuildFile; productRef = 7CD300402DE5062000B81C16 /* ZIPFoundation */; };
		81565C6FBACA5AD4482F5E28 /* Pods_edgellmtest.framework in Frameworks */ = {isa = PBXBuildFile; fileRef = 736BACE0BB219E8DA5CD140E /* Pods_edgellmtest.framework */; };
		8AB06B5B92146B41D5A67CBE /* Pods_edgellmtest_edgellmtestUITests.framework in Frameworks */ = {isa = PBXBuildFile; fileRef = 79FE9F4E0A67A62E804996F6 /* Pods_edgellmtest_edgellmtestUITests.framework */; };
/* End PBXBuildFile section */

/* Begin PBXContainerItemProxy section */
		1F965E232DE0001D00D7F580 /* PBXContainerItemProxy */ = {
			isa = PBXContainerItemProxy;
			containerPortal = 1F965E0D2DE0001C00D7F580 /* Project object */;
			proxyType = 1;
			remoteGlobalIDString = 1F965E142DE0001C00D7F580;
			remoteInfo = edgellmtest;
		};
		1F965E2D2DE0001D00D7F580 /* PBXContainerItemProxy */ = {
			isa = PBXContainerItemProxy;
			containerPortal = 1F965E0D2DE0001C00D7F580 /* Project object */;
			proxyType = 1;
			remoteGlobalIDString = 1F965E142DE0001C00D7F580;
			remoteInfo = edgellmtest;
		};
/* End PBXContainerItemProxy section */

/* Begin PBXFileReference section */
		17264F9125A482AE191B8FF2 /* Pods-edgellmtest.debug.xcconfig */ = {isa = PBXFileReference; includeInIndex = 1; lastKnownFileType = text.xcconfig; name = "Pods-edgellmtest.debug.xcconfig"; path = "Target Support Files/Pods-edgellmtest/Pods-edgellmtest.debug.xcconfig"; sourceTree = "<group>"; };
		1EA8F5E72C3F0C8D92AB55B6 /* Pods-edgellmtest.release.xcconfig */ = {isa = PBXFileReference; includeInIndex = 1; lastKnownFileType = text.xcconfig; name = "Pods-edgellmtest.release.xcconfig"; path = "Target Support Files/Pods-edgellmtest/Pods-edgellmtest.release.xcconfig"; sourceTree = "<group>"; };
		1F965E152DE0001C00D7F580 /* edgellmtest.app */ = {isa = PBXFileReference; explicitFileType = wrapper.application; includeInIndex = 0; path = edgellmtest.app; sourceTree = BUILT_PRODUCTS_DIR; };
		1F965E222DE0001D00D7F580 /* edgellmtestTests.xctest */ = {isa = PBXFileReference; explicitFileType = wrapper.cfbundle; includeInIndex = 0; path = edgellmtestTests.xctest; sourceTree = BUILT_PRODUCTS_DIR; };
		1F965E2C2DE0001D00D7F580 /* edgellmtestUITests.xctest */ = {isa = PBXFileReference; explicitFileType = wrapper.cfbundle; includeInIndex = 0; path = edgellmtestUITests.xctest; sourceTree = BUILT_PRODUCTS_DIR; };
		736BACE0BB219E8DA5CD140E /* Pods_edgellmtest.framework */ = {isa = PBXFileReference; explicitFileType = wrapper.framework; includeInIndex = 0; path = Pods_edgellmtest.framework; sourceTree = BUILT_PRODUCTS_DIR; };
		79FE9F4E0A67A62E804996F6 /* Pods_edgellmtest_edgellmtestUITests.framework */ = {isa = PBXFileReference; explicitFileType = wrapper.framework; includeInIndex = 0; path = Pods_edgellmtest_edgellmtestUITests.framework; sourceTree = BUILT_PRODUCTS_DIR; };
		8018A8AF1FEA4E5EF7DD27ED /* Pods-edgellmtest-edgellmtestUITests.debug.xcconfig */ = {isa = PBXFileReference; includeInIndex = 1; lastKnownFileType = text.xcconfig; name = "Pods-edgellmtest-edgellmtestUITests.debug.xcconfig"; path = "Target Support Files/Pods-edgellmtest-edgellmtestUITests/Pods-edgellmtest-edgellmtestUITests.debug.xcconfig"; sourceTree = "<group>"; };
		90FF7A2153C2BF411882EC51 /* Pods-edgellmtestTests.release.xcconfig */ = {isa = PBXFileReference; includeInIndex = 1; lastKnownFileType = text.xcconfig; name = "Pods-edgellmtestTests.release.xcconfig"; path = "Target Support Files/Pods-edgellmtestTests/Pods-edgellmtestTests.release.xcconfig"; sourceTree = "<group>"; };
		B474E735D0FF39FC20C99668 /* Pods-edgellmtest-edgellmtestUITests.release.xcconfig */ = {isa = PBXFileReference; includeInIndex = 1; lastKnownFileType = text.xcconfig; name = "Pods-edgellmtest-edgellmtestUITests.release.xcconfig"; path = "Target Support Files/Pods-edgellmtest-edgellmtestUITests/Pods-edgellmtest-edgellmtestUITests.release.xcconfig"; sourceTree = "<group>"; };
		D9058D6677578EA3CC64646B /* Pods_edgellmtestTests.framework */ = {isa = PBXFileReference; explicitFileType = wrapper.framework; includeInIndex = 0; path = Pods_edgellmtestTests.framework; sourceTree = BUILT_PRODUCTS_DIR; };
		DF70D7B6A53DEBB4F40EAEBD /* Pods-edgellmtestTests.debug.xcconfig */ = {isa = PBXFileReference; includeInIndex = 1; lastKnownFileType = text.xcconfig; name = "Pods-edgellmtestTests.debug.xcconfig"; path = "Target Support Files/Pods-edgellmtestTests/Pods-edgellmtestTests.debug.xcconfig"; sourceTree = "<group>"; };
/* End PBXFileReference section */

/* Begin PBXFileSystemSynchronizedRootGroup section */
		1F965E172DE0001C00D7F580 /* edgellmtest */ = {
			isa = PBXFileSystemSynchronizedRootGroup;
			path = edgellmtest;
			sourceTree = "<group>";
		};
		1F965E252DE0001D00D7F580 /* edgellmtestTests */ = {
			isa = PBXFileSystemSynchronizedRootGroup;
			path = edgellmtestTests;
			sourceTree = "<group>";
		};
		1F965E2F2DE0001D00D7F580 /* edgellmtestUITests */ = {
			isa = PBXFileSystemSynchronizedRootGroup;
			path = edgellmtestUITests;
			sourceTree = "<group>";
		};
/* End PBXFileSystemSynchronizedRootGroup section */

/* Begin PBXFrameworksBuildPhase section */
		1F965E122DE0001C00D7F580 /* Frameworks */ = {
			isa = PBXFrameworksBuildPhase;
			buildActionMask = 2147483647;
			files = (
				81565C6FBACA5AD4482F5E28 /* Pods_edgellmtest.framework in Frameworks */,
				7CD300412DE5062000B81C16 /* ZIPFoundation in Frameworks */,
			);
			runOnlyForDeploymentPostprocessing = 0;
		};
		1F965E1F2DE0001D00D7F580 /* Frameworks */ = {
			isa = PBXFrameworksBuildPhase;
			buildActionMask = 2147483647;
			files = (
				566F2494D2BE340CA56FA50A /* Pods_edgellmtestTests.framework in Frameworks */,
			);
			runOnlyForDeploymentPostprocessing = 0;
		};
		1F965E292DE0001D00D7F580 /* Frameworks */ = {
			isa = PBXFrameworksBuildPhase;
			buildActionMask = 2147483647;
			files = (
				8AB06B5B92146B41D5A67CBE /* Pods_edgellmtest_edgellmtestUITests.framework in Frameworks */,
			);
			runOnlyForDeploymentPostprocessing = 0;
		};
/* End PBXFrameworksBuildPhase section */

/* Begin PBXGroup section */
		1F965E0C2DE0001C00D7F580 = {
			isa = PBXGroup;
			children = (
				1F965E172DE0001C00D7F580 /* edgellmtest */,
				1F965E252DE0001D00D7F580 /* edgellmtestTests */,
				1F965E2F2DE0001D00D7F580 /* edgellmtestUITests */,
				1F965E162DE0001C00D7F580 /* Products */,
				6E22B065DEAA6F51442843ED /* Pods */,
				FD30C62F70A2B7BC7A3E748E /* Frameworks */,
			);
			sourceTree = "<group>";
		};
		1F965E162DE0001C00D7F580 /* Products */ = {
			isa = PBXGroup;
			children = (
				1F965E152DE0001C00D7F580 /* edgellmtest.app */,
				1F965E222DE0001D00D7F580 /* edgellmtestTests.xctest */,
				1F965E2C2DE0001D00D7F580 /* edgellmtestUITests.xctest */,
			);
			name = Products;
			sourceTree = "<group>";
		};
		6E22B065DEAA6F51442843ED /* Pods */ = {
			isa = PBXGroup;
			children = (
				17264F9125A482AE191B8FF2 /* Pods-edgellmtest.debug.xcconfig */,
				1EA8F5E72C3F0C8D92AB55B6 /* Pods-edgellmtest.release.xcconfig */,
				8018A8AF1FEA4E5EF7DD27ED /* Pods-edgellmtest-edgellmtestUITests.debug.xcconfig */,
				B474E735D0FF39FC20C99668 /* Pods-edgellmtest-edgellmtestUITests.release.xcconfig */,
				DF70D7B6A53DEBB4F40EAEBD /* Pods-edgellmtestTests.debug.xcconfig */,
				90FF7A2153C2BF411882EC51 /* Pods-edgellmtestTests.release.xcconfig */,
			);
			path = Pods;
			sourceTree = "<group>";
		};
		FD30C62F70A2B7BC7A3E748E /* Frameworks */ = {
			isa = PBXGroup;
			children = (
				736BACE0BB219E8DA5CD140E /* Pods_edgellmtest.framework */,
				79FE9F4E0A67A62E804996F6 /* Pods_edgellmtest_edgellmtestUITests.framework */,
				D9058D6677578EA3CC64646B /* Pods_edgellmtestTests.framework */,
			);
			name = Frameworks;
			sourceTree = "<group>";
		};
/* End PBXGroup section */

/* Begin PBXNativeTarget section */
		1F965E142DE0001C00D7F580 /* edgellmtest */ = {
			isa = PBXNativeTarget;
			buildConfigurationList = 1F965E362DE0001D00D7F580 /* Build configuration list for PBXNativeTarget "edgellmtest" */;
			buildPhases = (
				5E79111E0C382AC74A540068 /* [CP] Check Pods Manifest.lock */,
				1F965E112DE0001C00D7F580 /* Sources */,
				1F965E122DE0001C00D7F580 /* Frameworks */,
				1F965E132DE0001C00D7F580 /* Resources */,
			);
			buildRules = (
			);
			dependencies = (
			);
			fileSystemSynchronizedGroups = (
				1F965E172DE0001C00D7F580 /* edgellmtest */,
			);
			name = edgellmtest;
			productName = edgellmtest;
			productReference = 1F965E152DE0001C00D7F580 /* edgellmtest.app */;
			productType = "com.apple.product-type.application";
		};
		1F965E212DE0001D00D7F580 /* edgellmtestTests */ = {
			isa = PBXNativeTarget;
			buildConfigurationList = 1F965E392DE0001D00D7F580 /* Build configuration list for PBXNativeTarget "edgellmtestTests" */;
			buildPhases = (
				63571FAD3F6B26087CAE4A55 /* [CP] Check Pods Manifest.lock */,
				1F965E1E2DE0001D00D7F580 /* Sources */,
				1F965E1F2DE0001D00D7F580 /* Frameworks */,
				1F965E202DE0001D00D7F580 /* Resources */,
			);
			buildRules = (
			);
			dependencies = (
				1F965E242DE0001D00D7F580 /* PBXTargetDependency */,
			);
			fileSystemSynchronizedGroups = (
				1F965E252DE0001D00D7F580 /* edgellmtestTests */,
			);
			name = edgellmtestTests;
			productName = edgellmtestTests;
			productReference = 1F965E222DE0001D00D7F580 /* edgellmtestTests.xctest */;
			productType = "com.apple.product-type.bundle.unit-test";
		};
		1F965E2B2DE0001D00D7F580 /* edgellmtestUITests */ = {
			isa = PBXNativeTarget;
			buildConfigurationList = 1F965E3C2DE0001D00D7F580 /* Build configuration list for PBXNativeTarget "edgellmtestUITests" */;
			buildPhases = (
				903DD2E1AF03B8F5C9BD1988 /* [CP] Check Pods Manifest.lock */,
				1F965E282DE0001D00D7F580 /* Sources */,
				1F965E292DE0001D00D7F580 /* Frameworks */,
				1F965E2A2DE0001D00D7F580 /* Resources */,
			);
			buildRules = (
			);
			dependencies = (
				1F965E2E2DE0001D00D7F580 /* PBXTargetDependency */,
			);
			fileSystemSynchronizedGroups = (
				1F965E2F2DE0001D00D7F580 /* edgellmtestUITests */,
			);
			name = edgellmtestUITests;
			productName = edgellmtestUITests;
			productReference = 1F965E2C2DE0001D00D7F580 /* edgellmtestUITests.xctest */;
			productType = "com.apple.product-type.bundle.ui-testing";
		};
/* End PBXNativeTarget section */

/* Begin PBXProject section */
		1F965E0D2DE0001C00D7F580 /* Project object */ = {
			isa = PBXProject;
			attributes = {
				BuildIndependentTargetsInParallel = 1;
				LastSwiftUpdateCheck = 1630;
				LastUpgradeCheck = 1630;
				TargetAttributes = {
					1F965E142DE0001C00D7F580 = {
						CreatedOnToolsVersion = 16.3;
					};
					1F965E212DE0001D00D7F580 = {
						CreatedOnToolsVersion = 16.3;
						TestTargetID = 1F965E142DE0001C00D7F580;
					};
					1F965E2B2DE0001D00D7F580 = {
						CreatedOnToolsVersion = 16.3;
						TestTargetID = 1F965E142DE0001C00D7F580;
					};
				};
			};
			buildConfigurationList = 1F965E102DE0001C00D7F580 /* Build configuration list for PBXProject "edgellmtest" */;
			developmentRegion = en;
			hasScannedForEncodings = 0;
			knownRegions = (
				en,
				Base,
			);
			mainGroup = 1F965E0C2DE0001C00D7F580;
			minimizedProjectReferenceProxies = 1;
			packageReferences = (
				7CD3003F2DE5062000B81C16 /* XCRemoteSwiftPackageReference "ZIPFoundation" */,
			);
			preferredProjectObjectVersion = 77;
			productRefGroup = 1F965E162DE0001C00D7F580 /* Products */;
			projectDirPath = "";
			projectRoot = "";
			targets = (
				1F965E142DE0001C00D7F580 /* edgellmtest */,
				1F965E212DE0001D00D7F580 /* edgellmtestTests */,
				1F965E2B2DE0001D00D7F580 /* edgellmtestUITests */,
			);
		};
/* End PBXProject section */

/* Begin PBXResourcesBuildPhase section */
		1F965E132DE0001C00D7F580 /* Resources */ = {
			isa = PBXResourcesBuildPhase;
			buildActionMask = 2147483647;
			files = (
			);
			runOnlyForDeploymentPostprocessing = 0;
		};
		1F965E202DE0001D00D7F580 /* Resources */ = {
			isa = PBXResourcesBuildPhase;
			buildActionMask = 2147483647;
			files = (
			);
			runOnlyForDeploymentPostprocessing = 0;
		};
		1F965E2A2DE0001D00D7F580 /* Resources */ = {
			isa = PBXResourcesBuildPhase;
			buildActionMask = 2147483647;
			files = (
			);
			runOnlyForDeploymentPostprocessing = 0;
		};
/* End PBXResourcesBuildPhase section */

/* Begin PBXShellScriptBuildPhase section */
		5E79111E0C382AC74A540068 /* [CP] Check Pods Manifest.lock */ = {
			isa = PBXShellScriptBuildPhase;
			buildActionMask = 2147483647;
			files = (
			);
			inputFileListPaths = (
			);
			inputPaths = (
				"${PODS_PODFILE_DIR_PATH}/Podfile.lock",
				"${PODS_ROOT}/Manifest.lock",
			);
			name = "[CP] Check Pods Manifest.lock";
			outputFileListPaths = (
			);
			outputPaths = (
				"$(DERIVED_FILE_DIR)/Pods-edgellmtest-checkManifestLockResult.txt",
			);
			runOnlyForDeploymentPostprocessing = 0;
			shellPath = /bin/sh;
			shellScript = "diff \"${PODS_PODFILE_DIR_PATH}/Podfile.lock\" \"${PODS_ROOT}/Manifest.lock\" > /dev/null\nif [ $? != 0 ] ; then\n    # print error to STDERR\n    echo \"error: The sandbox is not in sync with the Podfile.lock. Run 'pod install' or update your CocoaPods installation.\" >&2\n    exit 1\nfi\n# This output is used by Xcode 'outputs' to avoid re-running this script phase.\necho \"SUCCESS\" > \"${SCRIPT_OUTPUT_FILE_0}\"\n";
			showEnvVarsInLog = 0;
		};
		63571FAD3F6B26087CAE4A55 /* [CP] Check Pods Manifest.lock */ = {
			isa = PBXShellScriptBuildPhase;
			buildActionMask = 2147483647;
			files = (
			);
			inputFileListPaths = (
			);
			inputPaths = (
				"${PODS_PODFILE_DIR_PATH}/Podfile.lock",
				"${PODS_ROOT}/Manifest.lock",
			);
			name = "[CP] Check Pods Manifest.lock";
			outputFileListPaths = (
			);
			outputPaths = (
				"$(DERIVED_FILE_DIR)/Pods-edgellmtestTests-checkManifestLockResult.txt",
			);
			runOnlyForDeploymentPostprocessing = 0;
			shellPath = /bin/sh;
			shellScript = "diff \"${PODS_PODFILE_DIR_PATH}/Podfile.lock\" \"${PODS_ROOT}/Manifest.lock\" > /dev/null\nif [ $? != 0 ] ; then\n    # print error to STDERR\n    echo \"error: The sandbox is not in sync with the Podfile.lock. Run 'pod install' or update your CocoaPods installation.\" >&2\n    exit 1\nfi\n# This output is used by Xcode 'outputs' to avoid re-running this script phase.\necho \"SUCCESS\" > \"${SCRIPT_OUTPUT_FILE_0}\"\n";
			showEnvVarsInLog = 0;
		};
		903DD2E1AF03B8F5C9BD1988 /* [CP] Check Pods Manifest.lock */ = {
			isa = PBXShellScriptBuildPhase;
			buildActionMask = 2147483647;
			files = (
			);
			inputFileListPaths = (
			);
			inputPaths = (
				"${PODS_PODFILE_DIR_PATH}/Podfile.lock",
				"${PODS_ROOT}/Manifest.lock",
			);
			name = "[CP] Check Pods Manifest.lock";
			outputFileListPaths = (
			);
			outputPaths = (
				"$(DERIVED_FILE_DIR)/Pods-edgellmtest-edgellmtestUITests-checkManifestLockResult.txt",
			);
			runOnlyForDeploymentPostprocessing = 0;
			shellPath = /bin/sh;
			shellScript = "diff \"${PODS_PODFILE_DIR_PATH}/Podfile.lock\" \"${PODS_ROOT}/Manifest.lock\" > /dev/null\nif [ $? != 0 ] ; then\n    # print error to STDERR\n    echo \"error: The sandbox is not in sync with the Podfile.lock. Run 'pod install' or update your CocoaPods installation.\" >&2\n    exit 1\nfi\n# This output is used by Xcode 'outputs' to avoid re-running this script phase.\necho \"SUCCESS\" > \"${SCRIPT_OUTPUT_FILE_0}\"\n";
			showEnvVarsInLog = 0;
		};
/* End PBXShellScriptBuildPhase section */

/* Begin PBXSourcesBuildPhase section */
		1F965E112DE0001C00D7F580 /* Sources */ = {
			isa = PBXSourcesBuildPhase;
			buildActionMask = 2147483647;
			files = (
			);
			runOnlyForDeploymentPostprocessing = 0;
		};
		1F965E1E2DE0001D00D7F580 /* Sources */ = {
			isa = PBXSourcesBuildPhase;
			buildActionMask = 2147483647;
			files = (
			);
			runOnlyForDeploymentPostprocessing = 0;
		};
		1F965E282DE0001D00D7F580 /* Sources */ = {
			isa = PBXSourcesBuildPhase;
			buildActionMask = 2147483647;
			files = (
			);
			runOnlyForDeploymentPostprocessing = 0;
		};
/* End PBXSourcesBuildPhase section */

/* Begin PBXTargetDependency section */
		1F965E242DE0001D00D7F580 /* PBXTargetDependency */ = {
			isa = PBXTargetDependency;
			target = 1F965E142DE0001C00D7F580 /* edgellmtest */;
			targetProxy = 1F965E232DE0001D00D7F580 /* PBXContainerItemProxy */;
		};
		1F965E2E2DE0001D00D7F580 /* PBXTargetDependency */ = {
			isa = PBXTargetDependency;
			target = 1F965E142DE0001C00D7F580 /* edgellmtest */;
			targetProxy = 1F965E2D2DE0001D00D7F580 /* PBXContainerItemProxy */;
		};
/* End PBXTargetDependency section */

/* Begin XCBuildConfiguration section */
		1F965E342DE0001D00D7F580 /* Debug */ = {
			isa = XCBuildConfiguration;
			buildSettings = {
				ALWAYS_SEARCH_USER_PATHS = NO;
				ASSETCATALOG_COMPILER_GENERATE_SWIFT_ASSET_SYMBOL_EXTENSIONS = YES;
				CLANG_ANALYZER_NONNULL = YES;
				CLANG_ANALYZER_NUMBER_OBJECT_CONVERSION = YES_AGGRESSIVE;
				CLANG_CXX_LANGUAGE_STANDARD = "gnu++20";
				CLANG_ENABLE_MODULES = YES;
				CLANG_ENABLE_OBJC_ARC = YES;
				CLANG_ENABLE_OBJC_WEAK = YES;
				CLANG_WARN_BLOCK_CAPTURE_AUTORELEASING = YES;
				CLANG_WARN_BOOL_CONVERSION = YES;
				CLANG_WARN_COMMA = YES;
				CLANG_WARN_CONSTANT_CONVERSION = YES;
				CLANG_WARN_DEPRECATED_OBJC_IMPLEMENTATIONS = YES;
				CLANG_WARN_DIRECT_OBJC_ISA_USAGE = YES_ERROR;
				CLANG_WARN_DOCUMENTATION_COMMENTS = YES;
				CLANG_WARN_EMPTY_BODY = YES;
				CLANG_WARN_ENUM_CONVERSION = YES;
				CLANG_WARN_INFINITE_RECURSION = YES;
				CLANG_WARN_INT_CONVERSION = YES;
				CLANG_WARN_NON_LITERAL_NULL_CONVERSION = YES;
				CLANG_WARN_OBJC_IMPLICIT_RETAIN_SELF = YES;
				CLANG_WARN_OBJC_LITERAL_CONVERSION = YES;
				CLANG_WARN_OBJC_ROOT_CLASS = YES_ERROR;
				CLANG_WARN_QUOTED_INCLUDE_IN_FRAMEWORK_HEADER = YES;
				CLANG_WARN_RANGE_LOOP_ANALYSIS = YES;
				CLANG_WARN_STRICT_PROTOTYPES = YES;
				CLANG_WARN_SUSPICIOUS_MOVE = YES;
				CLANG_WARN_UNGUARDED_AVAILABILITY = YES_AGGRESSIVE;
				CLANG_WARN_UNREACHABLE_CODE = YES;
				CLANG_WARN__DUPLICATE_METHOD_MATCH = YES;
				COPY_PHASE_STRIP = NO;
				DEBUG_INFORMATION_FORMAT = dwarf;
				ENABLE_STRICT_OBJC_MSGSEND = YES;
				ENABLE_TESTABILITY = YES;
				ENABLE_USER_SCRIPT_SANDBOXING = YES;
				GCC_C_LANGUAGE_STANDARD = gnu17;
				GCC_DYNAMIC_NO_PIC = NO;
				GCC_NO_COMMON_BLOCKS = YES;
				GCC_OPTIMIZATION_LEVEL = 0;
				GCC_PREPROCESSOR_DEFINITIONS = (
					"DEBUG=1",
					"$(inherited)",
				);
				GCC_WARN_64_TO_32_BIT_CONVERSION = YES;
				GCC_WARN_ABOUT_RETURN_TYPE = YES_ERROR;
				GCC_WARN_UNDECLARED_SELECTOR = YES;
				GCC_WARN_UNINITIALIZED_AUTOS = YES_AGGRESSIVE;
				GCC_WARN_UNUSED_FUNCTION = YES;
				GCC_WARN_UNUSED_VARIABLE = YES;
				IPHONEOS_DEPLOYMENT_TARGET = 18.4;
				LOCALIZATION_PREFERS_STRING_CATALOGS = YES;
				MTL_ENABLE_DEBUG_INFO = INCLUDE_SOURCE;
				MTL_FAST_MATH = YES;
				ONLY_ACTIVE_ARCH = YES;
				SDKROOT = iphoneos;
				SWIFT_ACTIVE_COMPILATION_CONDITIONS = "DEBUG $(inherited)";
				SWIFT_OPTIMIZATION_LEVEL = "-Onone";
			};
			name = Debug;
		};
		1F965E352DE0001D00D7F580 /* Release */ = {
			isa = XCBuildConfiguration;
			buildSettings = {
				ALWAYS_SEARCH_USER_PATHS = NO;
				ASSETCATALOG_COMPILER_GENERATE_SWIFT_ASSET_SYMBOL_EXTENSIONS = YES;
				CLANG_ANALYZER_NONNULL = YES;
				CLANG_ANALYZER_NUMBER_OBJECT_CONVERSION = YES_AGGRESSIVE;
				CLANG_CXX_LANGUAGE_STANDARD = "gnu++20";
				CLANG_ENABLE_MODULES = YES;
				CLANG_ENABLE_OBJC_ARC = YES;
				CLANG_ENABLE_OBJC_WEAK = YES;
				CLANG_WARN_BLOCK_CAPTURE_AUTORELEASING = YES;
				CLANG_WARN_BOOL_CONVERSION = YES;
				CLANG_WARN_COMMA = YES;
				CLANG_WARN_CONSTANT_CONVERSION = YES;
				CLANG_WARN_DEPRECATED_OBJC_IMPLEMENTATIONS = YES;
				CLANG_WARN_DIRECT_OBJC_ISA_USAGE = YES_ERROR;
				CLANG_WARN_DOCUMENTATION_COMMENTS = YES;
				CLANG_WARN_EMPTY_BODY = YES;
				CLANG_WARN_ENUM_CONVERSION = YES;
				CLANG_WARN_INFINITE_RECURSION = YES;
				CLANG_WARN_INT_CONVERSION = YES;
				CLANG_WARN_NON_LITERAL_NULL_CONVERSION = YES;
				CLANG_WARN_OBJC_IMPLICIT_RETAIN_SELF = YES;
				CLANG_WARN_OBJC_LITERAL_CONVERSION = YES;
				CLANG_WARN_OBJC_ROOT_CLASS = YES_ERROR;
				CLANG_WARN_QUOTED_INCLUDE_IN_FRAMEWORK_HEADER = YES;
				CLANG_WARN_RANGE_LOOP_ANALYSIS = YES;
				CLANG_WARN_STRICT_PROTOTYPES = YES;
				CLANG_WARN_SUSPICIOUS_MOVE = YES;
				CLANG_WARN_UNGUARDED_AVAILABILITY = YES_AGGRESSIVE;
				CLANG_WARN_UNREACHABLE_CODE = YES;
				CLANG_WARN__DUPLICATE_METHOD_MATCH = YES;
				COPY_PHASE_STRIP = NO;
				DEBUG_INFORMATION_FORMAT = "dwarf-with-dsym";
				ENABLE_NS_ASSERTIONS = NO;
				ENABLE_STRICT_OBJC_MSGSEND = YES;
				ENABLE_USER_SCRIPT_SANDBOXING = YES;
				GCC_C_LANGUAGE_STANDARD = gnu17;
				GCC_NO_COMMON_BLOCKS = YES;
				GCC_WARN_64_TO_32_BIT_CONVERSION = YES;
				GCC_WARN_ABOUT_RETURN_TYPE = YES_ERROR;
				GCC_WARN_UNDECLARED_SELECTOR = YES;
				GCC_WARN_UNINITIALIZED_AUTOS = YES_AGGRESSIVE;
				GCC_WARN_UNUSED_FUNCTION = YES;
				GCC_WARN_UNUSED_VARIABLE = YES;
				IPHONEOS_DEPLOYMENT_TARGET = 18.4;
				LOCALIZATION_PREFERS_STRING_CATALOGS = YES;
				MTL_ENABLE_DEBUG_INFO = NO;
				MTL_FAST_MATH = YES;
				SDKROOT = iphoneos;
				SWIFT_COMPILATION_MODE = wholemodule;
				VALIDATE_PRODUCT = YES;
			};
			name = Release;
		};
		1F965E372DE0001D00D7F580 /* Debug */ = {
			isa = XCBuildConfiguration;
			baseConfigurationReference = 17264F9125A482AE191B8FF2 /* Pods-edgellmtest.debug.xcconfig */;
			buildSettings = {
				ASSETCATALOG_COMPILER_APPICON_NAME = AppIcon;
				ASSETCATALOG_COMPILER_GLOBAL_ACCENT_COLOR_NAME = AccentColor;
				CODE_SIGN_ENTITLEMENTS = edgellmtest/edgellmtest.entitlements;
				CODE_SIGN_STYLE = Automatic;
				CURRENT_PROJECT_VERSION = 1;
				DEVELOPMENT_TEAM = 7CDW8A4W38;
				ENABLE_PREVIEWS = YES;
				GENERATE_INFOPLIST_FILE = YES;
				INFOPLIST_KEY_UIApplicationSceneManifest_Generation = YES;
				INFOPLIST_KEY_UIApplicationSupportsIndirectInputEvents = YES;
				INFOPLIST_KEY_UILaunchScreen_Generation = YES;
				INFOPLIST_KEY_UISupportedInterfaceOrientations_iPad = "UIInterfaceOrientationPortrait UIInterfaceOrientationPortraitUpsideDown UIInterfaceOrientationLandscapeLeft UIInterfaceOrientationLandscapeRight";
				INFOPLIST_KEY_UISupportedInterfaceOrientations_iPhone = "UIInterfaceOrientationPortrait UIInterfaceOrientationLandscapeLeft UIInterfaceOrientationLandscapeRight";
				LD_RUNPATH_SEARCH_PATHS = (
					"$(inherited)",
					"@executable_path/Frameworks",
				);
				MARKETING_VERSION = 1.0;
				PRODUCT_BUNDLE_IDENTIFIER = xyz.428916.edgellm;
				PRODUCT_NAME = "$(TARGET_NAME)";
				SWIFT_EMIT_LOC_STRINGS = YES;
				SWIFT_VERSION = 5.0;
				TARGETED_DEVICE_FAMILY = "1,2";
			};
			name = Debug;
		};
		1F965E382DE0001D00D7F580 /* Release */ = {
			isa = XCBuildConfiguration;
			baseConfigurationReference = 1EA8F5E72C3F0C8D92AB55B6 /* Pods-edgellmtest.release.xcconfig */;
			buildSettings = {
				ASSETCATALOG_COMPILER_APPICON_NAME = AppIcon;
				ASSETCATALOG_COMPILER_GLOBAL_ACCENT_COLOR_NAME = AccentColor;
				CODE_SIGN_ENTITLEMENTS = edgellmtest/edgellmtest.entitlements;
				CODE_SIGN_STYLE = Automatic;
				CURRENT_PROJECT_VERSION = 1;
				DEVELOPMENT_TEAM = 7CDW8A4W38;
				ENABLE_PREVIEWS = YES;
				GENERATE_INFOPLIST_FILE = YES;
				INFOPLIST_KEY_UIApplicationSceneManifest_Generation = YES;
				INFOPLIST_KEY_UIApplicationSupportsIndirectInputEvents = YES;
				INFOPLIST_KEY_UILaunchScreen_Generation = YES;
				INFOPLIST_KEY_UISupportedInterfaceOrientations_iPad = "UIInterfaceOrientationPortrait UIInterfaceOrientationPortraitUpsideDown UIInterfaceOrientationLandscapeLeft UIInterfaceOrientationLandscapeRight";
				INFOPLIST_KEY_UISupportedInterfaceOrientations_iPhone = "UIInterfaceOrientationPortrait UIInterfaceOrientationLandscapeLeft UIInterfaceOrientationLandscapeRight";
				LD_RUNPATH_SEARCH_PATHS = (
					"$(inherited)",
					"@executable_path/Frameworks",
				);
				MARKETING_VERSION = 1.0;
				PRODUCT_BUNDLE_IDENTIFIER = xyz.428916.edgellm;
				PRODUCT_NAME = "$(TARGET_NAME)";
				SWIFT_EMIT_LOC_STRINGS = YES;
				SWIFT_VERSION = 5.0;
				TARGETED_DEVICE_FAMILY = "1,2";
			};
			name = Release;
		};
		1F965E3A2DE0001D00D7F580 /* Debug */ = {
			isa = XCBuildConfiguration;
			baseConfigurationReference = DF70D7B6A53DEBB4F40EAEBD /* Pods-edgellmtestTests.debug.xcconfig */;
			buildSettings = {
				BUNDLE_LOADER = "$(TEST_HOST)";
				CODE_SIGN_STYLE = Automatic;
				CURRENT_PROJECT_VERSION = 1;
				GENERATE_INFOPLIST_FILE = YES;
				IPHONEOS_DEPLOYMENT_TARGET = 18.4;
				MARKETING_VERSION = 1.0;
				PRODUCT_BUNDLE_IDENTIFIER = co.sidhant.edgellmtestTests;
				PRODUCT_NAME = "$(TARGET_NAME)";
				SWIFT_EMIT_LOC_STRINGS = NO;
				SWIFT_VERSION = 5.0;
				TARGETED_DEVICE_FAMILY = "1,2";
				TEST_HOST = "$(BUILT_PRODUCTS_DIR)/edgellmtest.app/$(BUNDLE_EXECUTABLE_FOLDER_PATH)/edgellmtest";
			};
			name = Debug;
		};
		1F965E3B2DE0001D00D7F580 /* Release */ = {
			isa = XCBuildConfiguration;
			baseConfigurationReference = 90FF7A2153C2BF411882EC51 /* Pods-edgellmtestTests.release.xcconfig */;
			buildSettings = {
				BUNDLE_LOADER = "$(TEST_HOST)";
				CODE_SIGN_STYLE = Automatic;
				CURRENT_PROJECT_VERSION = 1;
				GENERATE_INFOPLIST_FILE = YES;
				IPHONEOS_DEPLOYMENT_TARGET = 18.4;
				MARKETING_VERSION = 1.0;
				PRODUCT_BUNDLE_IDENTIFIER = co.sidhant.edgellmtestTests;
				PRODUCT_NAME = "$(TARGET_NAME)";
				SWIFT_EMIT_LOC_STRINGS = NO;
				SWIFT_VERSION = 5.0;
				TARGETED_DEVICE_FAMILY = "1,2";
				TEST_HOST = "$(BUILT_PRODUCTS_DIR)/edgellmtest.app/$(BUNDLE_EXECUTABLE_FOLDER_PATH)/edgellmtest";
			};
			name = Release;
		};
		1F965E3D2DE0001D00D7F580 /* Debug */ = {
			isa = XCBuildConfiguration;
			baseConfigurationReference = 8018A8AF1FEA4E5EF7DD27ED /* Pods-edgellmtest-edgellmtestUITests.debug.xcconfig */;
			buildSettings = {
				CODE_SIGN_STYLE = Automatic;
				CURRENT_PROJECT_VERSION = 1;
				GENERATE_INFOPLIST_FILE = YES;
				MARKETING_VERSION = 1.0;
				PRODUCT_BUNDLE_IDENTIFIER = co.sidhant.edgellmtestUITests;
				PRODUCT_NAME = "$(TARGET_NAME)";
				SWIFT_EMIT_LOC_STRINGS = NO;
				SWIFT_VERSION = 5.0;
				TARGETED_DEVICE_FAMILY = "1,2";
				TEST_TARGET_NAME = edgellmtest;
			};
			name = Debug;
		};
		1F965E3E2DE0001D00D7F580 /* Release */ = {
			isa = XCBuildConfiguration;
			baseConfigurationReference = B474E735D0FF39FC20C99668 /* Pods-edgellmtest-edgellmtestUITests.release.xcconfig */;
			buildSettings = {
				CODE_SIGN_STYLE = Automatic;
				CURRENT_PROJECT_VERSION = 1;
				GENERATE_INFOPLIST_FILE = YES;
				MARKETING_VERSION = 1.0;
				PRODUCT_BUNDLE_IDENTIFIER = co.sidhant.edgellmtestUITests;
				PRODUCT_NAME = "$(TARGET_NAME)";
				SWIFT_EMIT_LOC_STRINGS = NO;
				SWIFT_VERSION = 5.0;
				TARGETED_DEVICE_FAMILY = "1,2";
				TEST_TARGET_NAME = edgellmtest;
			};
			name = Release;
		};
/* End XCBuildConfiguration section */

/* Begin XCConfigurationList section */
		1F965E102DE0001C00D7F580 /* Build configuration list for PBXProject "edgellmtest" */ = {
			isa = XCConfigurationList;
			buildConfigurations = (
				1F965E342DE0001D00D7F580 /* Debug */,
				1F965E352DE0001D00D7F580 /* Release */,
			);
			defaultConfigurationIsVisible = 0;
			defaultConfigurationName = Release;
		};
		1F965E362DE0001D00D7F580 /* Build configuration list for PBXNativeTarget "edgellmtest" */ = {
			isa = XCConfigurationList;
			buildConfigurations = (
				1F965E372DE0001D00D7F580 /* Debug */,
				1F965E382DE0001D00D7F580 /* Release */,
			);
			defaultConfigurationIsVisible = 0;
			defaultConfigurationName = Release;
		};
		1F965E392DE0001D00D7F580 /* Build configuration list for PBXNativeTarget "edgellmtestTests" */ = {
			isa = XCConfigurationList;
			buildConfigurations = (
				1F965E3A2DE0001D00D7F580 /* Debug */,
				1F965E3B2DE0001D00D7F580 /* Release */,
			);
			defaultConfigurationIsVisible = 0;
			defaultConfigurationName = Release;
		};
		1F965E3C2DE0001D00D7F580 /* Build configuration list for PBXNativeTarget "edgellmtestUITests" */ = {
			isa = XCConfigurationList;
			buildConfigurations = (
				1F965E3D2DE0001D00D7F580 /* Debug */,
				1F965E3E2DE0001D00D7F580 /* Release */,
			);
			defaultConfigurationIsVisible = 0;
			defaultConfigurationName = Release;
		};
/* End XCConfigurationList section */

/* Begin XCRemoteSwiftPackageReference section */
		7CD3003F2DE5062000B81C16 /* XCRemoteSwiftPackageReference "ZIPFoundation" */ = {
			isa = XCRemoteSwiftPackageReference;
			repositoryURL = "https://github.com/weichsel/ZIPFoundation.git";
			requirement = {
				branch = main;
				kind = branch;
			};
		};
/* End XCRemoteSwiftPackageReference section */

/* Begin XCSwiftPackageProductDependency section */
		7CD300402DE5062000B81C16 /* ZIPFoundation */ = {
			isa = XCSwiftPackageProductDependency;
			package = 7CD3003F2DE5062000B81C16 /* XCRemoteSwiftPackageReference "ZIPFoundation" */;
			productName = ZIPFoundation;
		};
/* End XCSwiftPackageProductDependency section */
	};
	rootObject = 1F965E0D2DE0001C00D7F580 /* Project object */;
}
